// !$*UTF8*$!
{
	archiveVersion = 1;
	classes = {
	};
	objectVersion = 46;
	objects = {

/* Begin PBXBuildFile section */
		F653485A1D5D897F0054FECB /* AppDelegate.swift in Sources */ = {isa = PBXBuildFile; fileRef = F65348591D5D897F0054FECB /* AppDelegate.swift */; };
		F653485C1D5D897F0054FECB /* ViewController.swift in Sources */ = {isa = PBXBuildFile; fileRef = F653485B1D5D897F0054FECB /* ViewController.swift */; };
		F653485F1D5D89800054FECB /* Main.storyboard in Resources */ = {isa = PBXBuildFile; fileRef = F653485D1D5D89800054FECB /* Main.storyboard */; };
		F65348611D5D89800054FECB /* Assets.xcassets in Resources */ = {isa = PBXBuildFile; fileRef = F65348601D5D89800054FECB /* Assets.xcassets */; };
		F65348641D5D89800054FECB /* LaunchScreen.storyboard in Resources */ = {isa = PBXBuildFile; fileRef = F65348621D5D89800054FECB /* LaunchScreen.storyboard */; };
		F653486F1D5D89800054FECB /* labTests.swift in Sources */ = {isa = PBXBuildFile; fileRef = F653486E1D5D89800054FECB /* labTests.swift */; };
		F653487A1D5D89800054FECB /* labUITests.swift in Sources */ = {isa = PBXBuildFile; fileRef = F65348791D5D89800054FECB /* labUITests.swift */; };
/* End PBXBuildFile section */

/* Begin PBXContainerItemProxy section */
		F653486B1D5D89800054FECB /* PBXContainerItemProxy */ = {
			isa = PBXContainerItemProxy;
			containerPortal = F653484E1D5D897F0054FECB /* Project object */;
			proxyType = 1;
			remoteGlobalIDString = F65348551D5D897F0054FECB;
			remoteInfo = lab;
		};
		F65348761D5D89800054FECB /* PBXContainerItemProxy */ = {
			isa = PBXContainerItemProxy;
			containerPortal = F653484E1D5D897F0054FECB /* Project object */;
			proxyType = 1;
			remoteGlobalIDString = F65348551D5D897F0054FECB;
			remoteInfo = lab;
		};
/* End PBXContainerItemProxy section */

/* Begin PBXFileReference section */
		F65348561D5D897F0054FECB /* lab.app */ = {isa = PBXFileReference; explicitFileType = wrapper.application; includeInIndex = 0; path = lab.app; sourceTree = BUILT_PRODUCTS_DIR; };
		F65348591D5D897F0054FECB /* AppDelegate.swift */ = {isa = PBXFileReference; lastKnownFileType = sourcecode.swift; path = AppDelegate.swift; sourceTree = "<group>"; };
		F653485B1D5D897F0054FECB /* ViewController.swift */ = {isa = PBXFileReference; lastKnownFileType = sourcecode.swift; path = ViewController.swift; sourceTree = "<group>"; };
		F653485E1D5D89800054FECB /* Base */ = {isa = PBXFileReference; lastKnownFileType = file.storyboard; name = Base; path = Base.lproj/Main.storyboard; sourceTree = "<group>"; };
		F65348601D5D89800054FECB /* Assets.xcassets */ = {isa = PBXFileReference; lastKnownFileType = folder.assetcatalog; path = Assets.xcassets; sourceTree = "<group>"; };
		F65348631D5D89800054FECB /* Base */ = {isa = PBXFileReference; lastKnownFileType = file.storyboard; name = Base; path = Base.lproj/LaunchScreen.storyboard; sourceTree = "<group>"; };
		F65348651D5D89800054FECB /* Info.plist */ = {isa = PBXFileReference; lastKnownFileType = text.plist.xml; path = Info.plist; sourceTree = "<group>"; };
		F653486A1D5D89800054FECB /* labTests.xctest */ = {isa = PBXFileReference; explicitFileType = wrapper.cfbundle; includeInIndex = 0; path = labTests.xctest; sourceTree = BUILT_PRODUCTS_DIR; };
		F653486E1D5D89800054FECB /* labTests.swift */ = {isa = PBXFileReference; lastKnownFileType = sourcecode.swift; path = labTests.swift; sourceTree = "<group>"; };
		F65348701D5D89800054FECB /* Info.plist */ = {isa = PBXFileReference; lastKnownFileType = text.plist.xml; path = Info.plist; sourceTree = "<group>"; };
		F65348751D5D89800054FECB /* labUITests.xctest */ = {isa = PBXFileReference; explicitFileType = wrapper.cfbundle; includeInIndex = 0; path = labUITests.xctest; sourceTree = BUILT_PRODUCTS_DIR; };
		F65348791D5D89800054FECB /* labUITests.swift */ = {isa = PBXFileReference; lastKnownFileType = sourcecode.swift; path = labUITests.swift; sourceTree = "<group>"; };
		F653487B1D5D89800054FECB /* Info.plist */ = {isa = PBXFileReference; lastKnownFileType = text.plist.xml; path = Info.plist; sourceTree = "<group>"; };
/* End PBXFileReference section */

/* Begin PBXFrameworksBuildPhase section */
		F65348531D5D897F0054FECB /* Frameworks */ = {
			isa = PBXFrameworksBuildPhase;
			buildActionMask = 2147483647;
			files = (
			);
			runOnlyForDeploymentPostprocessing = 0;
		};
		F65348671D5D89800054FECB /* Frameworks */ = {
			isa = PBXFrameworksBuildPhase;
			buildActionMask = 2147483647;
			files = (
			);
			runOnlyForDeploymentPostprocessing = 0;
		};
		F65348721D5D89800054FECB /* Frameworks */ = {
			isa = PBXFrameworksBuildPhase;
			buildActionMask = 2147483647;
			files = (
			);
			runOnlyForDeploymentPostprocessing = 0;
		};
/* End PBXFrameworksBuildPhase section */

/* Begin PBXGroup section */
		F653484D1D5D897F0054FECB = {
			isa = PBXGroup;
			children = (
				F65348581D5D897F0054FECB /* lab */,
				F653486D1D5D89800054FECB /* labTests */,
				F65348781D5D89800054FECB /* labUITests */,
				F65348571D5D897F0054FECB /* Products */,
			);
			sourceTree = "<group>";
		};
		F65348571D5D897F0054FECB /* Products */ = {
			isa = PBXGroup;
			children = (
				F65348561D5D897F0054FECB /* lab.app */,
				F653486A1D5D89800054FECB /* labTests.xctest */,
				F65348751D5D89800054FECB /* labUITests.xctest */,
			);
			name = Products;
			sourceTree = "<group>";
		};
		F65348581D5D897F0054FECB /* lab */ = {
			isa = PBXGroup;
			children = (
				F65348591D5D897F0054FECB /* AppDelegate.swift */,
				F653485B1D5D897F0054FECB /* ViewController.swift */,
				F653485D1D5D89800054FECB /* Main.storyboard */,
				F65348601D5D89800054FECB /* Assets.xcassets */,
				F65348621D5D89800054FECB /* LaunchScreen.storyboard */,
				F65348651D5D89800054FECB /* Info.plist */,
			);
			path = lab;
			sourceTree = "<group>";
		};
		F653486D1D5D89800054FECB /* labTests */ = {
			isa = PBXGroup;
			children = (
				F653486E1D5D89800054FECB /* labTests.swift */,
				F65348701D5D89800054FECB /* Info.plist */,
			);
			path = labTests;
			sourceTree = "<group>";
		};
		F65348781D5D89800054FECB /* labUITests */ = {
			isa = PBXGroup;
			children = (
				F65348791D5D89800054FECB /* labUITests.swift */,
				F653487B1D5D89800054FECB /* Info.plist */,
			);
			path = labUITests;
			sourceTree = "<group>";
		};
/* End PBXGroup section */

/* Begin PBXNativeTarget section */
		F65348551D5D897F0054FECB /* lab */ = {
			isa = PBXNativeTarget;
			buildConfigurationList = F653487E1D5D89800054FECB /* Build configuration list for PBXNativeTarget "lab" */;
			buildPhases = (
				F65348521D5D897F0054FECB /* Sources */,
				F65348531D5D897F0054FECB /* Frameworks */,
				F65348541D5D897F0054FECB /* Resources */,
			);
			buildRules = (
			);
			dependencies = (
			);
			name = lab;
			productName = lab;
			productReference = F65348561D5D897F0054FECB /* lab.app */;
			productType = "com.apple.product-type.application";
		};
		F65348691D5D89800054FECB /* labTests */ = {
			isa = PBXNativeTarget;
			buildConfigurationList = F65348811D5D89800054FECB /* Build configuration list for PBXNativeTarget "labTests" */;
			buildPhases = (
				F65348661D5D89800054FECB /* Sources */,
				F65348671D5D89800054FECB /* Frameworks */,
				F65348681D5D89800054FECB /* Resources */,
			);
			buildRules = (
			);
			dependencies = (
				F653486C1D5D89800054FECB /* PBXTargetDependency */,
			);
			name = labTests;
			productName = labTests;
			productReference = F653486A1D5D89800054FECB /* labTests.xctest */;
			productType = "com.apple.product-type.bundle.unit-test";
		};
		F65348741D5D89800054FECB /* labUITests */ = {
			isa = PBXNativeTarget;
			buildConfigurationList = F65348841D5D89800054FECB /* Build configuration list for PBXNativeTarget "labUITests" */;
			buildPhases = (
				F65348711D5D89800054FECB /* Sources */,
				F65348721D5D89800054FECB /* Frameworks */,
				F65348731D5D89800054FECB /* Resources */,
			);
			buildRules = (
			);
			dependencies = (
				F65348771D5D89800054FECB /* PBXTargetDependency */,
			);
			name = labUITests;
			productName = labUITests;
			productReference = F65348751D5D89800054FECB /* labUITests.xctest */;
			productType = "com.apple.product-type.bundle.ui-testing";
		};
/* End PBXNativeTarget section */

/* Begin PBXProject section */
		F653484E1D5D897F0054FECB /* Project object */ = {
			isa = PBXProject;
			attributes = {
				LastUpgradeCheck = 0700;
				ORGANIZATIONNAME = Jesusdi;
				TargetAttributes = {
					F65348551D5D897F0054FECB = {
						CreatedOnToolsVersion = 7.0.1;
					};
					F65348691D5D89800054FECB = {
						CreatedOnToolsVersion = 7.0.1;
						TestTargetID = F65348551D5D897F0054FECB;
					};
					F65348741D5D89800054FECB = {
						CreatedOnToolsVersion = 7.0.1;
						TestTargetID = F65348551D5D897F0054FECB;
					};
				};
			};
			buildConfigurationList = F65348511D5D897F0054FECB /* Build configuration list for PBXProject "lab" */;
			compatibilityVersion = "Xcode 3.2";
			developmentRegion = English;
			hasScannedForEncodings = 0;
			knownRegions = (
				en,
				Base,
			);
			mainGroup = F653484D1D5D897F0054FECB;
			productRefGroup = F65348571D5D897F0054FECB /* Products */;
			projectDirPath = "";
			projectRoot = "";
			targets = (
				F65348551D5D897F0054FECB /* lab */,
				F65348691D5D89800054FECB /* labTests */,
				F65348741D5D89800054FECB /* labUITests */,
			);
		};
/* End PBXProject section */

/* Begin PBXResourcesBuildPhase section */
		F65348541D5D897F0054FECB /* Resources */ = {
			isa = PBXResourcesBuildPhase;
			buildActionMask = 2147483647;
			files = (
				F65348641D5D89800054FECB /* LaunchScreen.storyboard in Resources */,
				F65348611D5D89800054FECB /* Assets.xcassets in Resources */,
				F653485F1D5D89800054FECB /* Main.storyboard in Resources */,
			);
			runOnlyForDeploymentPostprocessing = 0;
		};
		F65348681D5D89800054FECB /* Resources */ = {
			isa = PBXResourcesBuildPhase;
			buildActionMask = 2147483647;
			files = (
			);
			runOnlyForDeploymentPostprocessing = 0;
		};
		F65348731D5D89800054FECB /* Resources */ = {
			isa = PBXResourcesBuildPhase;
			buildActionMask = 2147483647;
			files = (
			);
			runOnlyForDeploymentPostprocessing = 0;
		};
/* End PBXResourcesBuildPhase section */

/* Begin PBXSourcesBuildPhase section */
		F65348521D5D897F0054FECB /* Sources */ = {
			isa = PBXSourcesBuildPhase;
			buildActionMask = 2147483647;
			files = (
				F653485C1D5D897F0054FECB /* ViewController.swift in Sources */,
				F653485A1D5D897F0054FECB /* AppDelegate.swift in Sources */,
			);
			runOnlyForDeploymentPostprocessing = 0;
		};
		F65348661D5D89800054FECB /* Sources */ = {
			isa = PBXSourcesBuildPhase;
			buildActionMask = 2147483647;
			files = (
				F653486F1D5D89800054FECB /* labTests.swift in Sources */,
			);
			runOnlyForDeploymentPostprocessing = 0;
		};
		F65348711D5D89800054FECB /* Sources */ = {
			isa = PBXSourcesBuildPhase;
			buildActionMask = 2147483647;
			files = (
				F653487A1D5D89800054FECB /* labUITests.swift in Sources */,
			);
			runOnlyForDeploymentPostprocessing = 0;
		};
/* End PBXSourcesBuildPhase section */

/* Begin PBXTargetDependency section */
		F653486C1D5D89800054FECB /* PBXTargetDependency */ = {
			isa = PBXTargetDependency;
			target = F65348551D5D897F0054FECB /* lab */;
			targetProxy = F653486B1D5D89800054FECB /* PBXContainerItemProxy */;
		};
		F65348771D5D89800054FECB /* PBXTargetDependency */ = {
			isa = PBXTargetDependency;
			target = F65348551D5D897F0054FECB /* lab */;
			targetProxy = F65348761D5D89800054FECB /* PBXContainerItemProxy */;
		};
/* End PBXTargetDependency section */

/* Begin PBXVariantGroup section */
		F653485D1D5D89800054FECB /* Main.storyboard */ = {
			isa = PBXVariantGroup;
			children = (
				F653485E1D5D89800054FECB /* Base */,
			);
			name = Main.storyboard;
			sourceTree = "<group>";
		};
		F65348621D5D89800054FECB /* LaunchScreen.storyboard */ = {
			isa = PBXVariantGroup;
			children = (
				F65348631D5D89800054FECB /* Base */,
			);
			name = LaunchScreen.storyboard;
			sourceTree = "<group>";
		};
/* End PBXVariantGroup section */

/* Begin XCBuildConfiguration section */
		F653487C1D5D89800054FECB /* Debug */ = {
			isa = XCBuildConfiguration;
			buildSettings = {
				ALWAYS_SEARCH_USER_PATHS = NO;
				CLANG_CXX_LANGUAGE_STANDARD = "gnu++0x";
				CLANG_CXX_LIBRARY = "libc++";
				CLANG_ENABLE_MODULES = YES;
				CLANG_ENABLE_OBJC_ARC = YES;
				CLANG_WARN_BOOL_CONVERSION = YES;
				CLANG_WARN_CONSTANT_CONVERSION = YES;
				CLANG_WARN_DIRECT_OBJC_ISA_USAGE = YES_ERROR;
				CLANG_WARN_EMPTY_BODY = YES;
				CLANG_WARN_ENUM_CONVERSION = YES;
				CLANG_WARN_INT_CONVERSION = YES;
				CLANG_WARN_OBJC_ROOT_CLASS = YES_ERROR;
				CLANG_WARN_UNREACHABLE_CODE = YES;
				CLANG_WARN__DUPLICATE_METHOD_MATCH = YES;
				"CODE_SIGN_IDENTITY[sdk=iphoneos*]" = "iPhone Developer";
				COPY_PHASE_STRIP = NO;
				DEBUG_INFORMATION_FORMAT = dwarf;
				ENABLE_STRICT_OBJC_MSGSEND = YES;
				ENABLE_TESTABILITY = YES;
				GCC_C_LANGUAGE_STANDARD = gnu99;
				GCC_DYNAMIC_NO_PIC = NO;
				GCC_NO_COMMON_BLOCKS = YES;
				GCC_OPTIMIZATION_LEVEL = 0;
				GCC_PREPROCESSOR_DEFINITIONS = (
					"DEBUG=1",
					"$(inherited)",
				);
				GCC_WARN_64_TO_32_BIT_CONVERSION = YES;
				GCC_WARN_ABOUT_RETURN_TYPE = YES_ERROR;
				GCC_WARN_UNDECLARED_SELECTOR = YES;
				GCC_WARN_UNINITIALIZED_AUTOS = YES_AGGRESSIVE;
				GCC_WARN_UNUSED_FUNCTION = YES;
				GCC_WARN_UNUSED_VARIABLE = YES;
				IPHONEOS_DEPLOYMENT_TARGET = 9.0;
				MTL_ENABLE_DEBUG_INFO = YES;
				ONLY_ACTIVE_ARCH = YES;
				SDKROOT = iphoneos;
				SWIFT_OPTIMIZATION_LEVEL = "-Onone";
			};
			name = Debug;
		};
		F653487D1D5D89800054FECB /* Release */ = {
			isa = XCBuildConfiguration;
			buildSettings = {
				ALWAYS_SEARCH_USER_PATHS = NO;
				CLANG_CXX_LANGUAGE_STANDARD = "gnu++0x";
				CLANG_CXX_LIBRARY = "libc++";
				CLANG_ENABLE_MODULES = YES;
				CLANG_ENABLE_OBJC_ARC = YES;
				CLANG_WARN_BOOL_CONVERSION = YES;
				CLANG_WARN_CONSTANT_CONVERSION = YES;
				CLANG_WARN_DIRECT_OBJC_ISA_USAGE = YES_ERROR;
				CLANG_WARN_EMPTY_BODY = YES;
				CLANG_WARN_ENUM_CONVERSION = YES;
				CLANG_WARN_INT_CONVERSION = YES;
				CLANG_WARN_OBJC_ROOT_CLASS = YES_ERROR;
				CLANG_WARN_UNREACHABLE_CODE = YES;
				CLANG_WARN__DUPLICATE_METHOD_MATCH = YES;
				"CODE_SIGN_IDENTITY[sdk=iphoneos*]" = "iPhone Developer";
				COPY_PHASE_STRIP = NO;
				DEBUG_INFORMATION_FORMAT = "dwarf-with-dsym";
				ENABLE_NS_ASSERTIONS = NO;
				ENABLE_STRICT_OBJC_MSGSEND = YES;
				GCC_C_LANGUAGE_STANDARD = gnu99;
				GCC_NO_COMMON_BLOCKS = YES;
				GCC_WARN_64_TO_32_BIT_CONVERSION = YES;
				GCC_WARN_ABOUT_RETURN_TYPE = YES_ERROR;
				GCC_WARN_UNDECLARED_SELECTOR = YES;
				GCC_WARN_UNINITIALIZED_AUTOS = YES_AGGRESSIVE;
				GCC_WARN_UNUSED_FUNCTION = YES;
				GCC_WARN_UNUSED_VARIABLE = YES;
				IPHONEOS_DEPLOYMENT_TARGET = 9.0;
				MTL_ENABLE_DEBUG_INFO = NO;
				SDKROOT = iphoneos;
				VALIDATE_PRODUCT = YES;
			};
			name = Release;
		};
		F653487F1D5D89800054FECB /* Debug */ = {
			isa = XCBuildConfiguration;
			buildSettings = {
				ASSETCATALOG_COMPILER_APPICON_NAME = AppIcon;
				INFOPLIST_FILE = lab/Info.plist;
				LD_RUNPATH_SEARCH_PATHS = "$(inherited) @executable_path/Frameworks";
				PRODUCT_BUNDLE_IDENTIFIER = DDM.lab;
				PRODUCT_NAME = "$(TARGET_NAME)";
			};
			name = Debug;
		};
		F65348801D5D89800054FECB /* Release */ = {
			isa = XCBuildConfiguration;
			buildSettings = {
				ASSETCATALOG_COMPILER_APPICON_NAME = AppIcon;
				INFOPLIST_FILE = lab/Info.plist;
				LD_RUNPATH_SEARCH_PATHS = "$(inherited) @executable_path/Frameworks";
				PRODUCT_BUNDLE_IDENTIFIER = DDM.lab;
				PRODUCT_NAME = "$(TARGET_NAME)";
			};
			name = Release;
		};
		F65348821D5D89800054FECB /* Debug */ = {
			isa = XCBuildConfiguration;
			buildSettings = {
				BUNDLE_LOADER = "$(TEST_HOST)";
				INFOPLIST_FILE = labTests/Info.plist;
				LD_RUNPATH_SEARCH_PATHS = "$(inherited) @executable_path/Frameworks @loader_path/Frameworks";
				PRODUCT_BUNDLE_IDENTIFIER = DDM.labTests;
				PRODUCT_NAME = "$(TARGET_NAME)";
				TEST_HOST = "$(BUILT_PRODUCTS_DIR)/lab.app/lab";
			};
			name = Debug;
		};
		F65348831D5D89800054FECB /* Release */ = {
			isa = XCBuildConfiguration;
			buildSettings = {
				BUNDLE_LOADER = "$(TEST_HOST)";
				INFOPLIST_FILE = labTests/Info.plist;
				LD_RUNPATH_SEARCH_PATHS = "$(inherited) @executable_path/Frameworks @loader_path/Frameworks";
				PRODUCT_BUNDLE_IDENTIFIER = DDM.labTests;
				PRODUCT_NAME = "$(TARGET_NAME)";
				TEST_HOST = "$(BUILT_PRODUCTS_DIR)/lab.app/lab";
			};
			name = Release;
		};
		F65348851D5D89800054FECB /* Debug */ = {
			isa = XCBuildConfiguration;
			buildSettings = {
				INFOPLIST_FILE = labUITests/Info.plist;
				LD_RUNPATH_SEARCH_PATHS = "$(inherited) @executable_path/Frameworks @loader_path/Frameworks";
				PRODUCT_BUNDLE_IDENTIFIER = DDM.labUITests;
				PRODUCT_NAME = "$(TARGET_NAME)";
				TEST_TARGET_NAME = lab;
				USES_XCTRUNNER = YES;
			};
			name = Debug;
		};
		F65348861D5D89800054FECB /* Release */ = {
			isa = XCBuildConfiguration;
			buildSettings = {
				INFOPLIST_FILE = labUITests/Info.plist;
				LD_RUNPATH_SEARCH_PATHS = "$(inherited) @executable_path/Frameworks @loader_path/Frameworks";
				PRODUCT_BUNDLE_IDENTIFIER = DDM.labUITests;
				PRODUCT_NAME = "$(TARGET_NAME)";
				TEST_TARGET_NAME = lab;
				USES_XCTRUNNER = YES;
			};
			name = Release;
		};
/* End XCBuildConfiguration section */

/* Begin XCConfigurationList section */
		F65348511D5D897F0054FECB /* Build configuration list for PBXProject "lab" */ = {
			isa = XCConfigurationList;
			buildConfigurations = (
				F653487C1D5D89800054FECB /* Debug */,
				F653487D1D5D89800054FECB /* Release */,
			);
			defaultConfigurationIsVisible = 0;
			defaultConfigurationName = Release;
		};
		F653487E1D5D89800054FECB /* Build configuration list for PBXNativeTarget "lab" */ = {
			isa = XCConfigurationList;
			buildConfigurations = (
				F653487F1D5D89800054FECB /* Debug */,
				F65348801D5D89800054FECB /* Release */,
			);
			defaultConfigurationIsVisible = 0;
		};
		F65348811D5D89800054FECB /* Build configuration list for PBXNativeTarget "labTests" */ = {
			isa = XCConfigurationList;
			buildConfigurations = (
				F65348821D5D89800054FECB /* Debug */,
				F65348831D5D89800054FECB /* Release */,
			);
			defaultConfigurationIsVisible = 0;
		};
		F65348841D5D89800054FECB /* Build configuration list for PBXNativeTarget "labUITests" */ = {
			isa = XCConfigurationList;
			buildConfigurations = (
				F65348851D5D89800054FECB /* Debug */,
				F65348861D5D89800054FECB /* Release */,
			);
			defaultConfigurationIsVisible = 0;
		};
/* End XCConfigurationList section */
	};
	rootObject = F653484E1D5D897F0054FECB /* Project object */;
}
